
Microsoft Visual Studio Solution File, Format Version 12.00
# Visual Studio Version 16
VisualStudioVersion = 16.0.31911.196
MinimumVisualStudioVersion = 10.0.40219.1
Project("{F184B08F-C81C-45F6-A57F-5ABD9991F28F}") = "PECGI_SPC", "PECGI_SPC\PECGI_SPC.vbproj", "{2216BBE5-9CD8-4B76-A6CF-335BB8088124}"
EndProject
Global
	GlobalSection(SolutionConfigurationPlatforms) = preSolution
		Debug|Any CPU = Debug|Any CPU
		Release|Any CPU = Release|Any CPU
	EndGlobalSection
	GlobalSection(ProjectConfigurationPlatforms) = postSolution
		{2216BBE5-9CD8-4B76-A6CF-335BB8088124}.Debug|Any CPU.ActiveCfg = Debug|Any CPU
		{2216BBE5-9CD8-4B76-A6CF-335BB8088124}.Debug|Any CPU.Build.0 = Debug|Any CPU
		{2216BBE5-9CD8-4B76-A6CF-335BB8088124}.Release|Any CPU.ActiveCfg = Release|Any CPU
		{2216BBE5-9CD8-4B76-A6CF-335BB8088124}.Release|Any CPU.Build.0 = Release|Any CPU
	EndGlobalSection
	GlobalSection(SolutionProperties) = preSolution
		HideSolutionNode = FALSE
	EndGlobalSection
	GlobalSection(ExtensibilityGlobals) = postSolution
		SolutionGuid = {D3277A0A-3F12-411C-8D96-F742E5E2D955}
	EndGlobalSection
EndGlobal
